
Microsoft Visual Studio Solution File, Format Version 12.00
# Visual Studio Version 16
VisualStudioVersion = 16.0.29609.76
MinimumVisualStudioVersion = 10.0.40219.1
Project("{FAE04EC0-301F-11D3-BF4B-00C04F79EFBC}") = "HCFGBackendService", "HCFG-BackendService\HCFGBackendService.csproj", "{10E30C7B-39BC-4882-9465-0D21B02A89EB}"
EndProject
Global
	GlobalSection(SolutionConfigurationPlatforms) = preSolution
		Debug|Any CPU = Debug|Any CPU
		Release|Any CPU = Release|Any CPU
	EndGlobalSection
	GlobalSection(ProjectConfigurationPlatforms) = postSolution
		{10E30C7B-39BC-4882-9465-0D21B02A89EB}.Debug|Any CPU.ActiveCfg = Debug|Any CPU
		{10E30C7B-39BC-4882-9465-0D21B02A89EB}.Debug|Any CPU.Build.0 = Debug|Any CPU
		{10E30C7B-39BC-4882-9465-0D21B02A89EB}.Release|Any CPU.ActiveCfg = Release|Any CPU
		{10E30C7B-39BC-4882-9465-0D21B02A89EB}.Release|Any CPU.Build.0 = Release|Any CPU
	EndGlobalSection
	GlobalSection(SolutionProperties) = preSolution
		HideSolutionNode = FALSE
	EndGlobalSection
	GlobalSection(ExtensibilityGlobals) = postSolution
		SolutionGuid = {6434AA2F-30DD-4B2C-9111-AC6578F6F669}
	EndGlobalSection
EndGlobal
